// !$*UTF8*$!
{
	archiveVersion = 1;
	classes = {
	};
	objectVersion = 46;
	objects = {

/* Begin PBXBuildFile section */
		522425141D217129007EAB98 /* main.m in Sources */ = {isa = PBXBuildFile; fileRef = 522425131D217129007EAB98 /* main.m */; };
		522425171D217129007EAB98 /* AppDelegate.m in Sources */ = {isa = PBXBuildFile; fileRef = 522425161D217129007EAB98 /* AppDelegate.m */; };
		5224251A1D217129007EAB98 /* ViewController.m in Sources */ = {isa = PBXBuildFile; fileRef = 522425191D217129007EAB98 /* ViewController.m */; };
		5224251D1D217129007EAB98 /* Main.storyboard in Resources */ = {isa = PBXBuildFile; fileRef = 5224251B1D217129007EAB98 /* Main.storyboard */; };
		5224251F1D217129007EAB98 /* Assets.xcassets in Resources */ = {isa = PBXBuildFile; fileRef = 5224251E1D217129007EAB98 /* Assets.xcassets */; };
		522425221D217129007EAB98 /* LaunchScreen.storyboard in Resources */ = {isa = PBXBuildFile; fileRef = 522425201D217129007EAB98 /* LaunchScreen.storyboard */; };
		5224252A1D217427007EAB98 /* text.html in Resources */ = {isa = PBXBuildFile; fileRef = 522425291D217427007EAB98 /* text.html */; };
/* End PBXBuildFile section */

/* Begin PBXFileReference section */
		5224250F1D217129007EAB98 /* OC&JS.app */ = {isa = PBXFileReference; explicitFileType = wrapper.application; includeInIndex = 0; path = "OC&JS.app"; sourceTree = BUILT_PRODUCTS_DIR; };
		522425131D217129007EAB98 /* main.m */ = {isa = PBXFileReference; lastKnownFileType = sourcecode.c.objc; path = main.m; sourceTree = "<group>"; };
		522425151D217129007EAB98 /* AppDelegate.h */ = {isa = PBXFileReference; lastKnownFileType = sourcecode.c.h; path = AppDelegate.h; sourceTree = "<group>"; };
		522425161D217129007EAB98 /* AppDelegate.m */ = {isa = PBXFileReference; lastKnownFileType = sourcecode.c.objc; path = AppDelegate.m; sourceTree = "<group>"; };
		522425181D217129007EAB98 /* ViewController.h */ = {isa = PBXFileReference; lastKnownFileType = sourcecode.c.h; path = ViewController.h; sourceTree = "<group>"; };
		522425191D217129007EAB98 /* ViewController.m */ = {isa = PBXFileReference; lastKnownFileType = sourcecode.c.objc; path = ViewController.m; sourceTree = "<group>"; };
		5224251C1D217129007EAB98 /* Base */ = {isa = PBXFileReference; lastKnownFileType = file.storyboard; name = Base; path = Base.lproj/Main.storyboard; sourceTree = "<group>"; };
		5224251E1D217129007EAB98 /* Assets.xcassets */ = {isa = PBXFileReference; lastKnownFileType = folder.assetcatalog; path = Assets.xcassets; sourceTree = "<group>"; };
		522425211D217129007EAB98 /* Base */ = {isa = PBXFileReference; lastKnownFileType = file.storyboard; name = Base; path = Base.lproj/LaunchScreen.storyboard; sourceTree = "<group>"; };
		522425231D217129007EAB98 /* Info.plist */ = {isa = PBXFileReference; lastKnownFileType = text.plist.xml; path = Info.plist; sourceTree = "<group>"; };
		522425291D217427007EAB98 /* text.html */ = {isa = PBXFileReference; fileEncoding = 4; lastKnownFileType = text.html; path = text.html; sourceTree = "<group>"; };
/* End PBXFileReference section */

/* Begin PBXFrameworksBuildPhase section */
		5224250C1D217129007EAB98 /* Frameworks */ = {
			isa = PBXFrameworksBuildPhase;
			buildActionMask = 2147483647;
			files = (
			);
			runOnlyForDeploymentPostprocessing = 0;
		};
/* End PBXFrameworksBuildPhase section */

/* Begin PBXGroup section */
		522425061D217129007EAB98 = {
			isa = PBXGroup;
			children = (
				522425111D217129007EAB98 /* OC&JS */,
				522425101D217129007EAB98 /* Products */,
			);
			sourceTree = "<group>";
		};
		522425101D217129007EAB98 /* Products */ = {
			isa = PBXGroup;
			children = (
				5224250F1D217129007EAB98 /* OC&JS.app */,
			);
			name = Products;
			sourceTree = "<group>";
		};
		522425111D217129007EAB98 /* OC&JS */ = {
			isa = PBXGroup;
			children = (
				522425291D217427007EAB98 /* text.html */,
				522425151D217129007EAB98 /* AppDelegate.h */,
				522425161D217129007EAB98 /* AppDelegate.m */,
				522425181D217129007EAB98 /* ViewController.h */,
				522425191D217129007EAB98 /* ViewController.m */,
				5224251B1D217129007EAB98 /* Main.storyboard */,
				5224251E1D217129007EAB98 /* Assets.xcassets */,
				522425201D217129007EAB98 /* LaunchScreen.storyboard */,
				522425231D217129007EAB98 /* Info.plist */,
				522425121D217129007EAB98 /* Supporting Files */,
			);
			path = "OC&JS";
			sourceTree = "<group>";
		};
		522425121D217129007EAB98 /* Supporting Files */ = {
			isa = PBXGroup;
			children = (
				522425131D217129007EAB98 /* main.m */,
			);
			name = "Supporting Files";
			sourceTree = "<group>";
		};
/* End PBXGroup section */

/* Begin PBXNativeTarget section */
		5224250E1D217129007EAB98 /* OC&JS */ = {
			isa = PBXNativeTarget;
			buildConfigurationList = 522425261D217129007EAB98 /* Build configuration list for PBXNativeTarget "OC&JS" */;
			buildPhases = (
				5224250B1D217129007EAB98 /* Sources */,
				5224250C1D217129007EAB98 /* Frameworks */,
				5224250D1D217129007EAB98 /* Resources */,
			);
			buildRules = (
			);
			dependencies = (
			);
			name = "OC&JS";
			productName = "OC&JS";
			productReference = 5224250F1D217129007EAB98 /* OC&JS.app */;
			productType = "com.apple.product-type.application";
		};
/* End PBXNativeTarget section */

/* Begin PBXProject section */
		522425071D217129007EAB98 /* Project object */ = {
			isa = PBXProject;
			attributes = {
				LastUpgradeCheck = 0730;
				ORGANIZATIONNAME = jiangZzz;
				TargetAttributes = {
					5224250E1D217129007EAB98 = {
						CreatedOnToolsVersion = 7.3;
					};
				};
			};
			buildConfigurationList = 5224250A1D217129007EAB98 /* Build configuration list for PBXProject "OC&JS" */;
			compatibilityVersion = "Xcode 3.2";
			developmentRegion = English;
			hasScannedForEncodings = 0;
			knownRegions = (
				en,
				Base,
			);
			mainGroup = 522425061D217129007EAB98;
			productRefGroup = 522425101D217129007EAB98 /* Products */;
			projectDirPath = "";
			projectRoot = "";
			targets = (
				5224250E1D217129007EAB98 /* OC&JS */,
			);
		};
/* End PBXProject section */

/* Begin PBXResourcesBuildPhase section */
		5224250D1D217129007EAB98 /* Resources */ = {
			isa = PBXResourcesBuildPhase;
			buildActionMask = 2147483647;
			files = (
				522425221D217129007EAB98 /* LaunchScreen.storyboard in Resources */,
				5224252A1D217427007EAB98 /* text.html in Resources */,
				5224251F1D217129007EAB98 /* Assets.xcassets in Resources */,
				5224251D1D217129007EAB98 /* Main.storyboard in Resources */,
			);
			runOnlyForDeploymentPostprocessing = 0;
		};
/* End PBXResourcesBuildPhase section */

/* Begin PBXSourcesBuildPhase section */
		5224250B1D217129007EAB98 /* Sources */ = {
			isa = PBXSourcesBuildPhase;
			buildActionMask = 2147483647;
			files = (
				5224251A1D217129007EAB98 /* ViewController.m in Sources */,
				522425171D217129007EAB98 /* AppDelegate.m in Sources */,
				522425141D217129007EAB98 /* main.m in Sources */,
			);
			runOnlyForDeploymentPostprocessing = 0;
		};
/* End PBXSourcesBuildPhase section */

/* Begin PBXVariantGroup section */
		5224251B1D217129007EAB98 /* Main.storyboard */ = {
			isa = PBXVariantGroup;
			children = (
				5224251C1D217129007EAB98 /* Base */,
			);
			name = Main.storyboard;
			sourceTree = "<group>";
		};
		522425201D217129007EAB98 /* LaunchScreen.storyboard */ = {
			isa = PBXVariantGroup;
			children = (
				522425211D217129007EAB98 /* Base */,
			);
			name = LaunchScreen.storyboard;
			sourceTree = "<group>";
		};
/* End PBXVariantGroup section */

/* Begin XCBuildConfiguration section */
		522425241D217129007EAB98 /* Debug */ = {
			isa = XCBuildConfiguration;
			buildSettings = {
				ALWAYS_SEARCH_USER_PATHS = NO;
				CLANG_ANALYZER_NONNULL = YES;
				CLANG_CXX_LANGUAGE_STANDARD = "gnu++0x";
				CLANG_CXX_LIBRARY = "libc++";
				CLANG_ENABLE_MODULES = YES;
				CLANG_ENABLE_OBJC_ARC = YES;
				CLANG_WARN_BOOL_CONVERSION = YES;
				CLANG_WARN_CONSTANT_CONVERSION = YES;
				CLANG_WARN_DIRECT_OBJC_ISA_USAGE = YES_ERROR;
				CLANG_WARN_EMPTY_BODY = YES;
				CLANG_WARN_ENUM_CONVERSION = YES;
				CLANG_WARN_INT_CONVERSION = YES;
				CLANG_WARN_OBJC_ROOT_CLASS = YES_ERROR;
				CLANG_WARN_UNREACHABLE_CODE = YES;
				CLANG_WARN__DUPLICATE_METHOD_MATCH = YES;
				"CODE_SIGN_IDENTITY[sdk=iphoneos*]" = "iPhone Developer";
				COPY_PHASE_STRIP = NO;
				DEBUG_INFORMATION_FORMAT = dwarf;
				ENABLE_STRICT_OBJC_MSGSEND = YES;
				ENABLE_TESTABILITY = YES;
				GCC_C_LANGUAGE_STANDARD = gnu99;
				GCC_DYNAMIC_NO_PIC = NO;
				GCC_NO_COMMON_BLOCKS = YES;
				GCC_OPTIMIZATION_LEVEL = 0;
				GCC_PREPROCESSOR_DEFINITIONS = (
					"DEBUG=1",
					"$(inherited)",
				);
				GCC_WARN_64_TO_32_BIT_CONVERSION = YES;
				GCC_WARN_ABOUT_RETURN_TYPE = YES_ERROR;
				GCC_WARN_UNDECLARED_SELECTOR = YES;
				GCC_WARN_UNINITIALIZED_AUTOS = YES_AGGRESSIVE;
				GCC_WARN_UNUSED_FUNCTION = YES;
				GCC_WARN_UNUSED_VARIABLE = YES;
				IPHONEOS_DEPLOYMENT_TARGET = 9.3;
				MTL_ENABLE_DEBUG_INFO = YES;
				ONLY_ACTIVE_ARCH = YES;
				SDKROOT = iphoneos;
				TARGETED_DEVICE_FAMILY = "1,2";
			};
			name = Debug;
		};
		522425251D217129007EAB98 /* Release */ = {
			isa = XCBuildConfiguration;
			buildSettings = {
				ALWAYS_SEARCH_USER_PATHS = NO;
				CLANG_ANALYZER_NONNULL = YES;
				CLANG_CXX_LANGUAGE_STANDARD = "gnu++0x";
				CLANG_CXX_LIBRARY = "libc++";
				CLANG_ENABLE_MODULES = YES;
				CLANG_ENABLE_OBJC_ARC = YES;
				CLANG_WARN_BOOL_CONVERSION = YES;
				CLANG_WARN_CONSTANT_CONVERSION = YES;
				CLANG_WARN_DIRECT_OBJC_ISA_USAGE = YES_ERROR;
				CLANG_WARN_EMPTY_BODY = YES;
				CLANG_WARN_ENUM_CONVERSION = YES;
				CLANG_WARN_INT_CONVERSION = YES;
				CLANG_WARN_OBJC_ROOT_CLASS = YES_ERROR;
				CLANG_WARN_UNREACHABLE_CODE = YES;
				CLANG_WARN__DUPLICATE_METHOD_MATCH = YES;
				"CODE_SIGN_IDENTITY[sdk=iphoneos*]" = "iPhone Developer";
				COPY_PHASE_STRIP = NO;
				DEBUG_INFORMATION_FORMAT = "dwarf-with-dsym";
				ENABLE_NS_ASSERTIONS = NO;
				ENABLE_STRICT_OBJC_MSGSEND = YES;
				GCC_C_LANGUAGE_STANDARD = gnu99;
				GCC_NO_COMMON_BLOCKS = YES;
				GCC_WARN_64_TO_32_BIT_CONVERSION = YES;
				GCC_WARN_ABOUT_RETURN_TYPE = YES_ERROR;
				GCC_WARN_UNDECLARED_SELECTOR = YES;
				GCC_WARN_UNINITIALIZED_AUTOS = YES_AGGRESSIVE;
				GCC_WARN_UNUSED_FUNCTION = YES;
				GCC_WARN_UNUSED_VARIABLE = YES;
				IPHONEOS_DEPLOYMENT_TARGET = 9.3;
				MTL_ENABLE_DEBUG_INFO = NO;
				SDKROOT = iphoneos;
				TARGETED_DEVICE_FAMILY = "1,2";
				VALIDATE_PRODUCT = YES;
			};
			name = Release;
		};
		522425271D217129007EAB98 /* Debug */ = {
			isa = XCBuildConfiguration;
			buildSettings = {
				ASSETCATALOG_COMPILER_APPICON_NAME = AppIcon;
				INFOPLIST_FILE = "OC&JS/Info.plist";
				LD_RUNPATH_SEARCH_PATHS = "$(inherited) @executable_path/Frameworks";
				PRODUCT_BUNDLE_IDENTIFIER = "com.zzz.jiang.OC-JS";
				PRODUCT_NAME = "$(TARGET_NAME)";
			};
			name = Debug;
		};
		522425281D217129007EAB98 /* Release */ = {
			isa = XCBuildConfiguration;
			buildSettings = {
				ASSETCATALOG_COMPILER_APPICON_NAME = AppIcon;
				INFOPLIST_FILE = "OC&JS/Info.plist";
				LD_RUNPATH_SEARCH_PATHS = "$(inherited) @executable_path/Frameworks";
				PRODUCT_BUNDLE_IDENTIFIER = "com.zzz.jiang.OC-JS";
				PRODUCT_NAME = "$(TARGET_NAME)";
			};
			name = Release;
		};
/* End XCBuildConfiguration section */

/* Begin XCConfigurationList section */
		5224250A1D217129007EAB98 /* Build configuration list for PBXProject "OC&JS" */ = {
			isa = XCConfigurationList;
			buildConfigurations = (
				522425241D217129007EAB98 /* Debug */,
				522425251D217129007EAB98 /* Release */,
			);
			defaultConfigurationIsVisible = 0;
			defaultConfigurationName = Release;
		};
		522425261D217129007EAB98 /* Build configuration list for PBXNativeTarget "OC&JS" */ = {
			isa = XCConfigurationList;
			buildConfigurations = (
				522425271D217129007EAB98 /* Debug */,
				522425281D217129007EAB98 /* Release */,
			);
			defaultConfigurationIsVisible = 0;
		};
/* End XCConfigurationList section */
	};
	rootObject = 522425071D217129007EAB98 /* Project object */;
}
